
Microsoft Visual Studio Solution File, Format Version 12.00
# Visual Studio Version 17
VisualStudioVersion = 17.11.35222.181
MinimumVisualStudioVersion = 10.0.40219.1
Project("{9A19103F-16F7-4668-BE54-9A1E7A4F7556}") = "ClientUDP", "ClientUDP\ClientUDP.csproj", "{953561A8-F8A1-4F1B-AE1F-938E0FB586A0}"
EndProject
Project("{9A19103F-16F7-4668-BE54-9A1E7A4F7556}") = "ServerUDP", "ServerUDP\ServerUDP.csproj", "{4EA11FA8-0053-4DBC-BC7F-638551A4ED4A}"
EndProject
Project("{9A19103F-16F7-4668-BE54-9A1E7A4F7556}") = "ConfigurationUDP", "ConfigurationUDP\ConfigurationUDP.csproj", "{D9FF1020-B818-45BC-B037-3F2F8045835C}"
EndProject
Project("{2150E333-8FDC-42A3-9474-1A3956D46DE8}") = "Solution Items", "Solution Items", "{987C0582-1632-4ABC-A358-0229D8E00D31}"
	ProjectSection(SolutionItems) = preProject
		README.md = README.md
	EndProjectSection
EndProject
Global
	GlobalSection(SolutionConfigurationPlatforms) = preSolution
		Debug|Any CPU = Debug|Any CPU
		Release|Any CPU = Release|Any CPU
	EndGlobalSection
	GlobalSection(ProjectConfigurationPlatforms) = postSolution
		{953561A8-F8A1-4F1B-AE1F-938E0FB586A0}.Debug|Any CPU.ActiveCfg = Debug|Any CPU
		{953561A8-F8A1-4F1B-AE1F-938E0FB586A0}.Debug|Any CPU.Build.0 = Debug|Any CPU
		{953561A8-F8A1-4F1B-AE1F-938E0FB586A0}.Release|Any CPU.ActiveCfg = Release|Any CPU
		{953561A8-F8A1-4F1B-AE1F-938E0FB586A0}.Release|Any CPU.Build.0 = Release|Any CPU
		{4EA11FA8-0053-4DBC-BC7F-638551A4ED4A}.Debug|Any CPU.ActiveCfg = Debug|Any CPU
		{4EA11FA8-0053-4DBC-BC7F-638551A4ED4A}.Debug|Any CPU.Build.0 = Debug|Any CPU
		{4EA11FA8-0053-4DBC-BC7F-638551A4ED4A}.Release|Any CPU.ActiveCfg = Release|Any CPU
		{4EA11FA8-0053-4DBC-BC7F-638551A4ED4A}.Release|Any CPU.Build.0 = Release|Any CPU
		{D9FF1020-B818-45BC-B037-3F2F8045835C}.Debug|Any CPU.ActiveCfg = Debug|Any CPU
		{D9FF1020-B818-45BC-B037-3F2F8045835C}.Debug|Any CPU.Build.0 = Debug|Any CPU
		{D9FF1020-B818-45BC-B037-3F2F8045835C}.Release|Any CPU.ActiveCfg = Release|Any CPU
		{D9FF1020-B818-45BC-B037-3F2F8045835C}.Release|Any CPU.Build.0 = Release|Any CPU
	EndGlobalSection
	GlobalSection(SolutionProperties) = preSolution
		HideSolutionNode = FALSE
	EndGlobalSection
	GlobalSection(ExtensibilityGlobals) = postSolution
		SolutionGuid = {08559727-DB42-44FC-A590-B9F0BB743416}
	EndGlobalSection
EndGlobal
